// !$*UTF8*$!
{
	archiveVersion = 1;
	classes = {
	};
	objectVersion = 50;
	objects = {

/* Begin PBXBuildFile section */
		646C19702200BB030095DB21 /* gz_proportion.entitlements in Resources */ = {isa = PBXBuildFile; fileRef = 646C196F2200BB030095DB21 /* gz_proportion.entitlements */; };
		646C19722200BB030095DB21 /* AppDelegate.swift in Sources */ = {isa = PBXBuildFile; fileRef = 646C19712200BB030095DB21 /* AppDelegate.swift */; };
		646C19752200BB030095DB21 /* Main.storyboard in Resources */ = {isa = PBXBuildFile; fileRef = 646C19732200BB030095DB21 /* Main.storyboard */; };
		646C19772200BB030095DB21 /* ViewController.swift in Sources */ = {isa = PBXBuildFile; fileRef = 646C19762200BB030095DB21 /* ViewController.swift */; };
		646C19802200BB040095DB21 /* Giallozafferano proportions Extension.appex in Embed App Extensions */ = {isa = PBXBuildFile; fileRef = 646C197F2200BB040095DB21 /* Giallozafferano proportions Extension.appex */; settings = {ATTRIBUTES = (RemoveHeadersOnCopy, ); }; };
		646C19852200BB040095DB21 /* Cocoa.framework in Frameworks */ = {isa = PBXBuildFile; fileRef = 646C19842200BB040095DB21 /* Cocoa.framework */; };
		646C19882200BB040095DB21 /* SafariExtensionHandler.swift in Sources */ = {isa = PBXBuildFile; fileRef = 646C19872200BB040095DB21 /* SafariExtensionHandler.swift */; };
		646C198A2200BB040095DB21 /* SafariExtensionViewController.swift in Sources */ = {isa = PBXBuildFile; fileRef = 646C19892200BB040095DB21 /* SafariExtensionViewController.swift */; };
		646C198D2200BB040095DB21 /* SafariExtensionViewController.xib in Resources */ = {isa = PBXBuildFile; fileRef = 646C198B2200BB040095DB21 /* SafariExtensionViewController.xib */; };
		646C19922200BB040095DB21 /* ToolbarItemIcon.pdf in Resources */ = {isa = PBXBuildFile; fileRef = 646C19912200BB040095DB21 /* ToolbarItemIcon.pdf */; };
		646C19A02200BEA30095DB21 /* inject.js in Resources */ = {isa = PBXBuildFile; fileRef = 646C199F2200BEA30095DB21 /* inject.js */; };
		646C19A22200BED00095DB21 /* style.css in Resources */ = {isa = PBXBuildFile; fileRef = 646C19A12200BED00095DB21 /* style.css */; };
		646C19A82200C36C0095DB21 /* Media.xcassets in Resources */ = {isa = PBXBuildFile; fileRef = 646C19A72200C36C0095DB21 /* Media.xcassets */; };
/* End PBXBuildFile section */

/* Begin PBXContainerItemProxy section */
		646C19812200BB040095DB21 /* PBXContainerItemProxy */ = {
			isa = PBXContainerItemProxy;
			containerPortal = 646C19642200BB030095DB21 /* Project object */;
			proxyType = 1;
			remoteGlobalIDString = 646C197E2200BB040095DB21;
			remoteInfo = "gz-proportion Extension";
		};
/* End PBXContainerItemProxy section */

/* Begin PBXCopyFilesBuildPhase section */
		646C19992200BB040095DB21 /* Embed App Extensions */ = {
			isa = PBXCopyFilesBuildPhase;
			buildActionMask = 2147483647;
			dstPath = "";
			dstSubfolderSpec = 13;
			files = (
				646C19802200BB040095DB21 /* Giallozafferano proportions Extension.appex in Embed App Extensions */,
			);
			name = "Embed App Extensions";
			runOnlyForDeploymentPostprocessing = 0;
		};
/* End PBXCopyFilesBuildPhase section */

/* Begin PBXFileReference section */
		646C196C2200BB030095DB21 /* Giallozafferano proportions.app */ = {isa = PBXFileReference; explicitFileType = wrapper.application; includeInIndex = 0; path = "Giallozafferano proportions.app"; sourceTree = BUILT_PRODUCTS_DIR; };
		646C196F2200BB030095DB21 /* gz_proportion.entitlements */ = {isa = PBXFileReference; lastKnownFileType = text.plist.entitlements; path = gz_proportion.entitlements; sourceTree = "<group>"; };
		646C19712200BB030095DB21 /* AppDelegate.swift */ = {isa = PBXFileReference; lastKnownFileType = sourcecode.swift; path = AppDelegate.swift; sourceTree = "<group>"; };
		646C19742200BB030095DB21 /* Base */ = {isa = PBXFileReference; lastKnownFileType = file.storyboard; name = Base; path = Base.lproj/Main.storyboard; sourceTree = "<group>"; };
		646C19762200BB030095DB21 /* ViewController.swift */ = {isa = PBXFileReference; lastKnownFileType = sourcecode.swift; path = ViewController.swift; sourceTree = "<group>"; };
		646C197A2200BB040095DB21 /* Info.plist */ = {isa = PBXFileReference; lastKnownFileType = text.plist.xml; path = Info.plist; sourceTree = "<group>"; };
		646C197F2200BB040095DB21 /* Giallozafferano proportions Extension.appex */ = {isa = PBXFileReference; explicitFileType = "wrapper.app-extension"; includeInIndex = 0; path = "Giallozafferano proportions Extension.appex"; sourceTree = BUILT_PRODUCTS_DIR; };
		646C19842200BB040095DB21 /* Cocoa.framework */ = {isa = PBXFileReference; lastKnownFileType = wrapper.framework; name = Cocoa.framework; path = System/Library/Frameworks/Cocoa.framework; sourceTree = SDKROOT; };
		646C19872200BB040095DB21 /* SafariExtensionHandler.swift */ = {isa = PBXFileReference; lastKnownFileType = sourcecode.swift; path = SafariExtensionHandler.swift; sourceTree = "<group>"; };
		646C19892200BB040095DB21 /* SafariExtensionViewController.swift */ = {isa = PBXFileReference; lastKnownFileType = sourcecode.swift; path = SafariExtensionViewController.swift; sourceTree = "<group>"; };
		646C198C2200BB040095DB21 /* Base */ = {isa = PBXFileReference; lastKnownFileType = file.xib; name = Base; path = Base.lproj/SafariExtensionViewController.xib; sourceTree = "<group>"; };
		646C198E2200BB040095DB21 /* Info.plist */ = {isa = PBXFileReference; lastKnownFileType = text.plist.xml; path = Info.plist; sourceTree = "<group>"; };
		646C19912200BB040095DB21 /* ToolbarItemIcon.pdf */ = {isa = PBXFileReference; lastKnownFileType = image.pdf; path = ToolbarItemIcon.pdf; sourceTree = "<group>"; };
		646C19932200BB040095DB21 /* gz_proportion_Extension.entitlements */ = {isa = PBXFileReference; lastKnownFileType = text.plist.entitlements; path = gz_proportion_Extension.entitlements; sourceTree = "<group>"; };
		646C199F2200BEA30095DB21 /* inject.js */ = {isa = PBXFileReference; fileEncoding = 4; lastKnownFileType = sourcecode.javascript; name = inject.js; path = ../../../chrome/src/inject/inject.js; sourceTree = "<group>"; };
		646C19A12200BED00095DB21 /* style.css */ = {isa = PBXFileReference; fileEncoding = 4; lastKnownFileType = text.css; name = style.css; path = ../../../chrome/css/style.css; sourceTree = "<group>"; };
		646C19A72200C36C0095DB21 /* Media.xcassets */ = {isa = PBXFileReference; lastKnownFileType = folder.assetcatalog; path = Media.xcassets; sourceTree = "<group>"; };
/* End PBXFileReference section */

/* Begin PBXFrameworksBuildPhase section */
		646C19692200BB030095DB21 /* Frameworks */ = {
			isa = PBXFrameworksBuildPhase;
			buildActionMask = 2147483647;
			files = (
			);
			runOnlyForDeploymentPostprocessing = 0;
		};
		646C197C2200BB040095DB21 /* Frameworks */ = {
			isa = PBXFrameworksBuildPhase;
			buildActionMask = 2147483647;
			files = (
				646C19852200BB040095DB21 /* Cocoa.framework in Frameworks */,
			);
			runOnlyForDeploymentPostprocessing = 0;
		};
/* End PBXFrameworksBuildPhase section */

/* Begin PBXGroup section */
		646C19632200BB030095DB21 = {
			isa = PBXGroup;
			children = (
				646C196E2200BB030095DB21 /* gz-proportion */,
				646C19862200BB040095DB21 /* gz-proportion Extension */,
				646C19832200BB040095DB21 /* Frameworks */,
				646C196D2200BB030095DB21 /* Products */,
			);
			sourceTree = "<group>";
		};
		646C196D2200BB030095DB21 /* Products */ = {
			isa = PBXGroup;
			children = (
				646C196C2200BB030095DB21 /* Giallozafferano proportions.app */,
				646C197F2200BB040095DB21 /* Giallozafferano proportions Extension.appex */,
			);
			name = Products;
			sourceTree = "<group>";
		};
		646C196E2200BB030095DB21 /* gz-proportion */ = {
			isa = PBXGroup;
			children = (
				646C196F2200BB030095DB21 /* gz_proportion.entitlements */,
				646C19712200BB030095DB21 /* AppDelegate.swift */,
				646C19732200BB030095DB21 /* Main.storyboard */,
				646C19762200BB030095DB21 /* ViewController.swift */,
				646C197A2200BB040095DB21 /* Info.plist */,
				646C19A72200C36C0095DB21 /* Media.xcassets */,
			);
			path = "gz-proportion";
			sourceTree = "<group>";
		};
		646C19832200BB040095DB21 /* Frameworks */ = {
			isa = PBXGroup;
			children = (
				646C19842200BB040095DB21 /* Cocoa.framework */,
			);
			name = Frameworks;
			sourceTree = "<group>";
		};
		646C19862200BB040095DB21 /* gz-proportion Extension */ = {
			isa = PBXGroup;
			children = (
				646C19872200BB040095DB21 /* SafariExtensionHandler.swift */,
				646C19892200BB040095DB21 /* SafariExtensionViewController.swift */,
				646C198B2200BB040095DB21 /* SafariExtensionViewController.xib */,
				646C199F2200BEA30095DB21 /* inject.js */,
				646C19A12200BED00095DB21 /* style.css */,
				646C198E2200BB040095DB21 /* Info.plist */,
				646C19912200BB040095DB21 /* ToolbarItemIcon.pdf */,
				646C19932200BB040095DB21 /* gz_proportion_Extension.entitlements */,
			);
			path = "gz-proportion Extension";
			sourceTree = "<group>";
		};
/* End PBXGroup section */

/* Begin PBXNativeTarget section */
		646C196B2200BB030095DB21 /* Giallozafferano proportions */ = {
			isa = PBXNativeTarget;
			buildConfigurationList = 646C199A2200BB040095DB21 /* Build configuration list for PBXNativeTarget "Giallozafferano proportions" */;
			buildPhases = (
				646C19682200BB030095DB21 /* Sources */,
				646C19692200BB030095DB21 /* Frameworks */,
				646C196A2200BB030095DB21 /* Resources */,
				646C19992200BB040095DB21 /* Embed App Extensions */,
			);
			buildRules = (
			);
			dependencies = (
				646C19822200BB040095DB21 /* PBXTargetDependency */,
			);
			name = "Giallozafferano proportions";
			productName = "gz-proportion";
			productReference = 646C196C2200BB030095DB21 /* Giallozafferano proportions.app */;
			productType = "com.apple.product-type.application";
		};
		646C197E2200BB040095DB21 /* Giallozafferano proportions Extension */ = {
			isa = PBXNativeTarget;
			buildConfigurationList = 646C19962200BB040095DB21 /* Build configuration list for PBXNativeTarget "Giallozafferano proportions Extension" */;
			buildPhases = (
				646C197B2200BB040095DB21 /* Sources */,
				646C197C2200BB040095DB21 /* Frameworks */,
				646C197D2200BB040095DB21 /* Resources */,
			);
			buildRules = (
			);
			dependencies = (
			);
			name = "Giallozafferano proportions Extension";
			productName = "gz-proportion Extension";
			productReference = 646C197F2200BB040095DB21 /* Giallozafferano proportions Extension.appex */;
			productType = "com.apple.product-type.app-extension";
		};
/* End PBXNativeTarget section */

/* Begin PBXProject section */
		646C19642200BB030095DB21 /* Project object */ = {
			isa = PBXProject;
			attributes = {
				LastSwiftUpdateCheck = 1010;
				LastUpgradeCheck = 1010;
				ORGANIZATIONNAME = "Tommaso Amici";
				TargetAttributes = {
					646C196B2200BB030095DB21 = {
						CreatedOnToolsVersion = 10.1;
					};
					646C197E2200BB040095DB21 = {
						CreatedOnToolsVersion = 10.1;
						SystemCapabilities = {
							com.apple.HardenedRuntime = {
								enabled = 1;
							};
						};
					};
				};
			};
			buildConfigurationList = 646C19672200BB030095DB21 /* Build configuration list for PBXProject "Giallozafferano proportions" */;
			compatibilityVersion = "Xcode 9.3";
			developmentRegion = en;
			hasScannedForEncodings = 0;
			knownRegions = (
				en,
				Base,
			);
			mainGroup = 646C19632200BB030095DB21;
			productRefGroup = 646C196D2200BB030095DB21 /* Products */;
			projectDirPath = "";
			projectRoot = "";
			targets = (
				646C196B2200BB030095DB21 /* Giallozafferano proportions */,
				646C197E2200BB040095DB21 /* Giallozafferano proportions Extension */,
			);
		};
/* End PBXProject section */

/* Begin PBXResourcesBuildPhase section */
		646C196A2200BB030095DB21 /* Resources */ = {
			isa = PBXResourcesBuildPhase;
			buildActionMask = 2147483647;
			files = (
				646C19702200BB030095DB21 /* gz_proportion.entitlements in Resources */,
				646C19A82200C36C0095DB21 /* Media.xcassets in Resources */,
				646C19752200BB030095DB21 /* Main.storyboard in Resources */,
			);
			runOnlyForDeploymentPostprocessing = 0;
		};
		646C197D2200BB040095DB21 /* Resources */ = {
			isa = PBXResourcesBuildPhase;
			buildActionMask = 2147483647;
			files = (
				646C19922200BB040095DB21 /* ToolbarItemIcon.pdf in Resources */,
				646C19A22200BED00095DB21 /* style.css in Resources */,
				646C19A02200BEA30095DB21 /* inject.js in Resources */,
				646C198D2200BB040095DB21 /* SafariExtensionViewController.xib in Resources */,
			);
			runOnlyForDeploymentPostprocessing = 0;
		};
/* End PBXResourcesBuildPhase section */

/* Begin PBXSourcesBuildPhase section */
		646C19682200BB030095DB21 /* Sources */ = {
			isa = PBXSourcesBuildPhase;
			buildActionMask = 2147483647;
			files = (
				646C19772200BB030095DB21 /* ViewController.swift in Sources */,
				646C19722200BB030095DB21 /* AppDelegate.swift in Sources */,
			);
			runOnlyForDeploymentPostprocessing = 0;
		};
		646C197B2200BB040095DB21 /* Sources */ = {
			isa = PBXSourcesBuildPhase;
			buildActionMask = 2147483647;
			files = (
				646C198A2200BB040095DB21 /* SafariExtensionViewController.swift in Sources */,
				646C19882200BB040095DB21 /* SafariExtensionHandler.swift in Sources */,
			);
			runOnlyForDeploymentPostprocessing = 0;
		};
/* End PBXSourcesBuildPhase section */

/* Begin PBXTargetDependency section */
		646C19822200BB040095DB21 /* PBXTargetDependency */ = {
			isa = PBXTargetDependency;
			target = 646C197E2200BB040095DB21 /* Giallozafferano proportions Extension */;
			targetProxy = 646C19812200BB040095DB21 /* PBXContainerItemProxy */;
		};
/* End PBXTargetDependency section */

/* Begin PBXVariantGroup section */
		646C19732200BB030095DB21 /* Main.storyboard */ = {
			isa = PBXVariantGroup;
			children = (
				646C19742200BB030095DB21 /* Base */,
			);
			name = Main.storyboard;
			sourceTree = "<group>";
		};
		646C198B2200BB040095DB21 /* SafariExtensionViewController.xib */ = {
			isa = PBXVariantGroup;
			children = (
				646C198C2200BB040095DB21 /* Base */,
			);
			name = SafariExtensionViewController.xib;
			sourceTree = "<group>";
		};
/* End PBXVariantGroup section */

/* Begin XCBuildConfiguration section */
		646C19942200BB040095DB21 /* Debug */ = {
			isa = XCBuildConfiguration;
			buildSettings = {
				ALWAYS_SEARCH_USER_PATHS = NO;
				CLANG_ANALYZER_NONNULL = YES;
				CLANG_ANALYZER_NUMBER_OBJECT_CONVERSION = YES_AGGRESSIVE;
				CLANG_CXX_LANGUAGE_STANDARD = "gnu++14";
				CLANG_CXX_LIBRARY = "libc++";
				CLANG_ENABLE_MODULES = YES;
				CLANG_ENABLE_OBJC_ARC = YES;
				CLANG_ENABLE_OBJC_WEAK = YES;
				CLANG_WARN_BLOCK_CAPTURE_AUTORELEASING = YES;
				CLANG_WARN_BOOL_CONVERSION = YES;
				CLANG_WARN_COMMA = YES;
				CLANG_WARN_CONSTANT_CONVERSION = YES;
				CLANG_WARN_DEPRECATED_OBJC_IMPLEMENTATIONS = YES;
				CLANG_WARN_DIRECT_OBJC_ISA_USAGE = YES_ERROR;
				CLANG_WARN_DOCUMENTATION_COMMENTS = YES;
				CLANG_WARN_EMPTY_BODY = YES;
				CLANG_WARN_ENUM_CONVERSION = YES;
				CLANG_WARN_INFINITE_RECURSION = YES;
				CLANG_WARN_INT_CONVERSION = YES;
				CLANG_WARN_NON_LITERAL_NULL_CONVERSION = YES;
				CLANG_WARN_OBJC_IMPLICIT_RETAIN_SELF = YES;
				CLANG_WARN_OBJC_LITERAL_CONVERSION = YES;
				CLANG_WARN_OBJC_ROOT_CLASS = YES_ERROR;
				CLANG_WARN_RANGE_LOOP_ANALYSIS = YES;
				CLANG_WARN_STRICT_PROTOTYPES = YES;
				CLANG_WARN_SUSPICIOUS_MOVE = YES;
				CLANG_WARN_UNGUARDED_AVAILABILITY = YES_AGGRESSIVE;
				CLANG_WARN_UNREACHABLE_CODE = YES;
				CLANG_WARN__DUPLICATE_METHOD_MATCH = YES;
				CODE_SIGN_IDENTITY = "Mac Developer";
				COPY_PHASE_STRIP = NO;
				DEBUG_INFORMATION_FORMAT = dwarf;
				ENABLE_STRICT_OBJC_MSGSEND = YES;
				ENABLE_TESTABILITY = YES;
				GCC_C_LANGUAGE_STANDARD = gnu11;
				GCC_DYNAMIC_NO_PIC = NO;
				GCC_NO_COMMON_BLOCKS = YES;
				GCC_OPTIMIZATION_LEVEL = 0;
				GCC_PREPROCESSOR_DEFINITIONS = (
					"DEBUG=1",
					"$(inherited)",
				);
				GCC_WARN_64_TO_32_BIT_CONVERSION = YES;
				GCC_WARN_ABOUT_RETURN_TYPE = YES_ERROR;
				GCC_WARN_UNDECLARED_SELECTOR = YES;
				GCC_WARN_UNINITIALIZED_AUTOS = YES_AGGRESSIVE;
				GCC_WARN_UNUSED_FUNCTION = YES;
				GCC_WARN_UNUSED_VARIABLE = YES;
				MACOSX_DEPLOYMENT_TARGET = 10.14;
				MTL_ENABLE_DEBUG_INFO = INCLUDE_SOURCE;
				MTL_FAST_MATH = YES;
				ONLY_ACTIVE_ARCH = YES;
				SDKROOT = macosx;
				SWIFT_ACTIVE_COMPILATION_CONDITIONS = DEBUG;
				SWIFT_OPTIMIZATION_LEVEL = "-Onone";
			};
			name = Debug;
		};
		646C19952200BB040095DB21 /* Release */ = {
			isa = XCBuildConfiguration;
			buildSettings = {
				ALWAYS_SEARCH_USER_PATHS = NO;
				CLANG_ANALYZER_NONNULL = YES;
				CLANG_ANALYZER_NUMBER_OBJECT_CONVERSION = YES_AGGRESSIVE;
				CLANG_CXX_LANGUAGE_STANDARD = "gnu++14";
				CLANG_CXX_LIBRARY = "libc++";
				CLANG_ENABLE_MODULES = YES;
				CLANG_ENABLE_OBJC_ARC = YES;
				CLANG_ENABLE_OBJC_WEAK = YES;
				CLANG_WARN_BLOCK_CAPTURE_AUTORELEASING = YES;
				CLANG_WARN_BOOL_CONVERSION = YES;
				CLANG_WARN_COMMA = YES;
				CLANG_WARN_CONSTANT_CONVERSION = YES;
				CLANG_WARN_DEPRECATED_OBJC_IMPLEMENTATIONS = YES;
				CLANG_WARN_DIRECT_OBJC_ISA_USAGE = YES_ERROR;
				CLANG_WARN_DOCUMENTATION_COMMENTS = YES;
				CLANG_WARN_EMPTY_BODY = YES;
				CLANG_WARN_ENUM_CONVERSION = YES;
				CLANG_WARN_INFINITE_RECURSION = YES;
				CLANG_WARN_INT_CONVERSION = YES;
				CLANG_WARN_NON_LITERAL_NULL_CONVERSION = YES;
				CLANG_WARN_OBJC_IMPLICIT_RETAIN_SELF = YES;
				CLANG_WARN_OBJC_LITERAL_CONVERSION = YES;
				CLANG_WARN_OBJC_ROOT_CLASS = YES_ERROR;
				CLANG_WARN_RANGE_LOOP_ANALYSIS = YES;
				CLANG_WARN_STRICT_PROTOTYPES = YES;
				CLANG_WARN_SUSPICIOUS_MOVE = YES;
				CLANG_WARN_UNGUARDED_AVAILABILITY = YES_AGGRESSIVE;
				CLANG_WARN_UNREACHABLE_CODE = YES;
				CLANG_WARN__DUPLICATE_METHOD_MATCH = YES;
				CODE_SIGN_IDENTITY = "Mac Developer";
				COPY_PHASE_STRIP = NO;
				DEBUG_INFORMATION_FORMAT = "dwarf-with-dsym";
				ENABLE_NS_ASSERTIONS = NO;
				ENABLE_STRICT_OBJC_MSGSEND = YES;
				GCC_C_LANGUAGE_STANDARD = gnu11;
				GCC_NO_COMMON_BLOCKS = YES;
				GCC_WARN_64_TO_32_BIT_CONVERSION = YES;
				GCC_WARN_ABOUT_RETURN_TYPE = YES_ERROR;
				GCC_WARN_UNDECLARED_SELECTOR = YES;
				GCC_WARN_UNINITIALIZED_AUTOS = YES_AGGRESSIVE;
				GCC_WARN_UNUSED_FUNCTION = YES;
				GCC_WARN_UNUSED_VARIABLE = YES;
				MACOSX_DEPLOYMENT_TARGET = 10.14;
				MTL_ENABLE_DEBUG_INFO = NO;
				MTL_FAST_MATH = YES;
				SDKROOT = macosx;
				SWIFT_COMPILATION_MODE = wholemodule;
				SWIFT_OPTIMIZATION_LEVEL = "-O";
			};
			name = Release;
		};
		646C19972200BB040095DB21 /* Debug */ = {
			isa = XCBuildConfiguration;
			buildSettings = {
				ASSETCATALOG_COMPILER_APPICON_NAME = AppIcon;
				CODE_SIGN_ENTITLEMENTS = "gz-proportion Extension/gz_proportion_Extension.entitlements";
				CODE_SIGN_STYLE = Automatic;
				DEVELOPMENT_TEAM = A6599YXM5R;
				ENABLE_HARDENED_RUNTIME = YES;
				INFOPLIST_FILE = "gz-proportion Extension/Info.plist";
				LD_RUNPATH_SEARCH_PATHS = (
					"$(inherited)",
					"@executable_path/../Frameworks",
					"@executable_path/../../../../Frameworks",
				);
				PRODUCT_BUNDLE_IDENTIFIER = "tommasoamici.gz-proportion-Extension";
				PRODUCT_NAME = "$(TARGET_NAME)";
				SKIP_INSTALL = YES;
				SWIFT_VERSION = 4.2;
			};
			name = Debug;
		};
		646C19982200BB040095DB21 /* Release */ = {
			isa = XCBuildConfiguration;
			buildSettings = {
				ASSETCATALOG_COMPILER_APPICON_NAME = AppIcon;
				CODE_SIGN_ENTITLEMENTS = "gz-proportion Extension/gz_proportion_Extension.entitlements";
				CODE_SIGN_STYLE = Automatic;
				DEVELOPMENT_TEAM = A6599YXM5R;
				ENABLE_HARDENED_RUNTIME = YES;
				INFOPLIST_FILE = "gz-proportion Extension/Info.plist";
				LD_RUNPATH_SEARCH_PATHS = (
					"$(inherited)",
					"@executable_path/../Frameworks",
					"@executable_path/../../../../Frameworks",
				);
				PRODUCT_BUNDLE_IDENTIFIER = "tommasoamici.gz-proportion-Extension";
				PRODUCT_NAME = "$(TARGET_NAME)";
				SKIP_INSTALL = YES;
				SWIFT_VERSION = 4.2;
			};
			name = Release;
		};
		646C199B2200BB040095DB21 /* Debug */ = {
			isa = XCBuildConfiguration;
			buildSettings = {
				ALWAYS_EMBED_SWIFT_STANDARD_LIBRARIES = YES;
				ASSETCATALOG_COMPILER_APPICON_NAME = AppIcon;
				CODE_SIGN_ENTITLEMENTS = "gz-proportion/gz_proportion.entitlements";
				CODE_SIGN_STYLE = Automatic;
				COMBINE_HIDPI_IMAGES = YES;
				DEVELOPMENT_TEAM = A6599YXM5R;
				INFOPLIST_FILE = "gz-proportion/Info.plist";
				LD_RUNPATH_SEARCH_PATHS = (
					"$(inherited)",
					"@executable_path/../Frameworks",
				);
				PRODUCT_BUNDLE_IDENTIFIER = "tommasoamici.gz-proportion";
				PRODUCT_NAME = "$(TARGET_NAME)";
				SWIFT_VERSION = 4.2;
			};
			name = Debug;
		};
		646C199C2200BB040095DB21 /* Release */ = {
			isa = XCBuildConfiguration;
			buildSettings = {
				ALWAYS_EMBED_SWIFT_STANDARD_LIBRARIES = YES;
				ASSETCATALOG_COMPILER_APPICON_NAME = AppIcon;
				CODE_SIGN_ENTITLEMENTS = "gz-proportion/gz_proportion.entitlements";
				CODE_SIGN_STYLE = Automatic;
				COMBINE_HIDPI_IMAGES = YES;
				DEVELOPMENT_TEAM = A6599YXM5R;
				INFOPLIST_FILE = "gz-proportion/Info.plist";
				LD_RUNPATH_SEARCH_PATHS = (
					"$(inherited)",
					"@executable_path/../Frameworks",
				);
				PRODUCT_BUNDLE_IDENTIFIER = "tommasoamici.gz-proportion";
				PRODUCT_NAME = "$(TARGET_NAME)";
				SWIFT_VERSION = 4.2;
			};
			name = Release;
		};
/* End XCBuildConfiguration section */

/* Begin XCConfigurationList section */
		646C19672200BB030095DB21 /* Build configuration list for PBXProject "Giallozafferano proportions" */ = {
			isa = XCConfigurationList;
			buildConfigurations = (
				646C19942200BB040095DB21 /* Debug */,
				646C19952200BB040095DB21 /* Release */,
			);
			defaultConfigurationIsVisible = 0;
			defaultConfigurationName = Release;
		};
		646C19962200BB040095DB21 /* Build configuration list for PBXNativeTarget "Giallozafferano proportions Extension" */ = {
			isa = XCConfigurationList;
			buildConfigurations = (
				646C19972200BB040095DB21 /* Debug */,
				646C19982200BB040095DB21 /* Release */,
			);
			defaultConfigurationIsVisible = 0;
			defaultConfigurationName = Release;
		};
		646C199A2200BB040095DB21 /* Build configuration list for PBXNativeTarget "Giallozafferano proportions" */ = {
			isa = XCConfigurationList;
			buildConfigurations = (
				646C199B2200BB040095DB21 /* Debug */,
				646C199C2200BB040095DB21 /* Release */,
			);
			defaultConfigurationIsVisible = 0;
			defaultConfigurationName = Release;
		};
/* End XCConfigurationList section */
	};
	rootObject = 646C19642200BB030095DB21 /* Project object */;
}
